
Microsoft Visual Studio Solution File, Format Version 12.00
# Visual Studio 15
VisualStudioVersion = 15.0.28307.106
MinimumVisualStudioVersion = 10.0.40219.1
Project("{8BC9CEB8-8B4A-11D0-8D11-00A0C91BC942}") = "Bootstrap", "bootstrap\Bootstrap.vcxproj", "{AF59BB0B-E059-4773-83DC-728A949647DA}"
EndProject
Project("{8BC9CEB8-8B4A-11D0-8D11-00A0C91BC942}") = "Project2D", "Project2D\Project2D.vcxproj", "{3F428D0C-1CC8-47C3-818A-A3C2972C74C9}"
	ProjectSection(ProjectDependencies) = postProject
		{AF59BB0B-E059-4773-83DC-728A949647DA} = {AF59BB0B-E059-4773-83DC-728A949647DA}
	EndProjectSection
EndProject
Project("{8BC9CEB8-8B4A-11D0-8D11-00A0C91BC942}") = "Project3D", "Project3D\Project3D.vcxproj", "{EA21C4DF-E331-4FCF-8513-14A3F56B77F3}"
	ProjectSection(ProjectDependencies) = postProject
		{AF59BB0B-E059-4773-83DC-728A949647DA} = {AF59BB0B-E059-4773-83DC-728A949647DA}
	EndProjectSection
EndProject
Project("{8BC9CEB8-8B4A-11D0-8D11-00A0C91BC942}") = "Test2D", "Test2D\Test2D.vcxproj", "{DEA49362-B428-4215-8D64-4EA0B4FF0858}"
EndProject
Project("{8BC9CEB8-8B4A-11D0-8D11-00A0C91BC942}") = "ConnectFour", "ConnectFour\ConnectFour.vcxproj", "{7EC5A540-F418-435A-83D9-BD48CAF90B1E}"
EndProject
Project("{8BC9CEB8-8B4A-11D0-8D11-00A0C91BC942}") = "containner classes", "containner classes\containner classes.vcxproj", "{A306228A-C675-4703-A5FB-89B29E399471}"
EndProject
Project("{8BC9CEB8-8B4A-11D0-8D11-00A0C91BC942}") = "Binary Tree", "Binary Tree\Binary Tree.vcxproj", "{7D5091D5-D3DA-4035-8B07-93D3682DF537}"
EndProject
Project("{8BC9CEB8-8B4A-11D0-8D11-00A0C91BC942}") = "hashing", "hashing\hashing.vcxproj", "{2459FB1B-09B2-4DFB-8DD7-11B73DF0E963}"
EndProject
Project("{8BC9CEB8-8B4A-11D0-8D11-00A0C91BC942}") = "Project uno", "Project uno\Project uno.vcxproj", "{CA393BC0-381D-4AF3-B570-F10198DADC28}"
EndProject
Project("{8BC9CEB8-8B4A-11D0-8D11-00A0C91BC942}") = "Projects", "Projects\Projects.vcxproj", "{A904B02C-DD46-4DE6-BFEC-06FDBCFF42BE}"
EndProject
Project("{8BC9CEB8-8B4A-11D0-8D11-00A0C91BC942}") = "project dos", "project dos\project dos.vcxproj", "{1B1BAB74-D58F-4E33-9964-516E03CF1421}"
EndProject
Project("{8BC9CEB8-8B4A-11D0-8D11-00A0C91BC942}") = "Resource Manager", "Resource Manager\Resource Manager.vcxproj", "{00227CB2-9273-4D56-A240-677926DF6C79}"
EndProject
Project("{8BC9CEB8-8B4A-11D0-8D11-00A0C91BC942}") = "Project Trois", "Project Trois\Project Trois.vcxproj", "{579B647F-745D-4756-BD3A-17BF43421B7E}"
EndProject
Project("{8BC9CEB8-8B4A-11D0-8D11-00A0C91BC942}") = "card", "card\card.vcxproj", "{E41A6AAF-CEC3-4B69-B295-06CECB5EA115}"
EndProject
Global
	GlobalSection(SolutionConfigurationPlatforms) = preSolution
		Debug|x64 = Debug|x64
		Debug|x86 = Debug|x86
		Release|x64 = Release|x64
		Release|x86 = Release|x86
	EndGlobalSection
	GlobalSection(ProjectConfigurationPlatforms) = postSolution
		{AF59BB0B-E059-4773-83DC-728A949647DA}.Debug|x64.ActiveCfg = Debug|x64
		{AF59BB0B-E059-4773-83DC-728A949647DA}.Debug|x64.Build.0 = Debug|x64
		{AF59BB0B-E059-4773-83DC-728A949647DA}.Debug|x86.ActiveCfg = Debug|Win32
		{AF59BB0B-E059-4773-83DC-728A949647DA}.Debug|x86.Build.0 = Debug|Win32
		{AF59BB0B-E059-4773-83DC-728A949647DA}.Release|x64.ActiveCfg = Release|x64
		{AF59BB0B-E059-4773-83DC-728A949647DA}.Release|x64.Build.0 = Release|x64
		{AF59BB0B-E059-4773-83DC-728A949647DA}.Release|x86.ActiveCfg = Release|Win32
		{AF59BB0B-E059-4773-83DC-728A949647DA}.Release|x86.Build.0 = Release|Win32
		{3F428D0C-1CC8-47C3-818A-A3C2972C74C9}.Debug|x64.ActiveCfg = Debug|x64
		{3F428D0C-1CC8-47C3-818A-A3C2972C74C9}.Debug|x64.Build.0 = Debug|x64
		{3F428D0C-1CC8-47C3-818A-A3C2972C74C9}.Debug|x86.ActiveCfg = Debug|Win32
		{3F428D0C-1CC8-47C3-818A-A3C2972C74C9}.Debug|x86.Build.0 = Debug|Win32
		{3F428D0C-1CC8-47C3-818A-A3C2972C74C9}.Release|x64.ActiveCfg = Release|x64
		{3F428D0C-1CC8-47C3-818A-A3C2972C74C9}.Release|x64.Build.0 = Release|x64
		{3F428D0C-1CC8-47C3-818A-A3C2972C74C9}.Release|x86.ActiveCfg = Release|Win32
		{3F428D0C-1CC8-47C3-818A-A3C2972C74C9}.Release|x86.Build.0 = Release|Win32
		{EA21C4DF-E331-4FCF-8513-14A3F56B77F3}.Debug|x64.ActiveCfg = Debug|x64
		{EA21C4DF-E331-4FCF-8513-14A3F56B77F3}.Debug|x64.Build.0 = Debug|x64
		{EA21C4DF-E331-4FCF-8513-14A3F56B77F3}.Debug|x86.ActiveCfg = Debug|Win32
		{EA21C4DF-E331-4FCF-8513-14A3F56B77F3}.Debug|x86.Build.0 = Debug|Win32
		{EA21C4DF-E331-4FCF-8513-14A3F56B77F3}.Release|x64.ActiveCfg = Release|x64
		{EA21C4DF-E331-4FCF-8513-14A3F56B77F3}.Release|x64.Build.0 = Release|x64
		{EA21C4DF-E331-4FCF-8513-14A3F56B77F3}.Release|x86.ActiveCfg = Release|Win32
		{EA21C4DF-E331-4FCF-8513-14A3F56B77F3}.Release|x86.Build.0 = Release|Win32
		{DEA49362-B428-4215-8D64-4EA0B4FF0858}.Debug|x64.ActiveCfg = Debug|x64
		{DEA49362-B428-4215-8D64-4EA0B4FF0858}.Debug|x64.Build.0 = Debug|x64
		{DEA49362-B428-4215-8D64-4EA0B4FF0858}.Debug|x86.ActiveCfg = Debug|Win32
		{DEA49362-B428-4215-8D64-4EA0B4FF0858}.Debug|x86.Build.0 = Debug|Win32
		{DEA49362-B428-4215-8D64-4EA0B4FF0858}.Release|x64.ActiveCfg = Release|x64
		{DEA49362-B428-4215-8D64-4EA0B4FF0858}.Release|x64.Build.0 = Release|x64
		{DEA49362-B428-4215-8D64-4EA0B4FF0858}.Release|x86.ActiveCfg = Release|Win32
		{DEA49362-B428-4215-8D64-4EA0B4FF0858}.Release|x86.Build.0 = Release|Win32
		{7EC5A540-F418-435A-83D9-BD48CAF90B1E}.Debug|x64.ActiveCfg = Debug|x64
		{7EC5A540-F418-435A-83D9-BD48CAF90B1E}.Debug|x64.Build.0 = Debug|x64
		{7EC5A540-F418-435A-83D9-BD48CAF90B1E}.Debug|x86.ActiveCfg = Debug|Win32
		{7EC5A540-F418-435A-83D9-BD48CAF90B1E}.Debug|x86.Build.0 = Debug|Win32
		{7EC5A540-F418-435A-83D9-BD48CAF90B1E}.Release|x64.ActiveCfg = Release|x64
		{7EC5A540-F418-435A-83D9-BD48CAF90B1E}.Release|x64.Build.0 = Release|x64
		{7EC5A540-F418-435A-83D9-BD48CAF90B1E}.Release|x86.ActiveCfg = Release|Win32
		{7EC5A540-F418-435A-83D9-BD48CAF90B1E}.Release|x86.Build.0 = Release|Win32
		{A306228A-C675-4703-A5FB-89B29E399471}.Debug|x64.ActiveCfg = Debug|x64
		{A306228A-C675-4703-A5FB-89B29E399471}.Debug|x64.Build.0 = Debug|x64
		{A306228A-C675-4703-A5FB-89B29E399471}.Debug|x86.ActiveCfg = Debug|Win32
		{A306228A-C675-4703-A5FB-89B29E399471}.Debug|x86.Build.0 = Debug|Win32
		{A306228A-C675-4703-A5FB-89B29E399471}.Release|x64.ActiveCfg = Release|x64
		{A306228A-C675-4703-A5FB-89B29E399471}.Release|x64.Build.0 = Release|x64
		{A306228A-C675-4703-A5FB-89B29E399471}.Release|x86.ActiveCfg = Release|Win32
		{A306228A-C675-4703-A5FB-89B29E399471}.Release|x86.Build.0 = Release|Win32
		{7D5091D5-D3DA-4035-8B07-93D3682DF537}.Debug|x64.ActiveCfg = Debug|x64
		{7D5091D5-D3DA-4035-8B07-93D3682DF537}.Debug|x64.Build.0 = Debug|x64
		{7D5091D5-D3DA-4035-8B07-93D3682DF537}.Debug|x86.ActiveCfg = Debug|Win32
		{7D5091D5-D3DA-4035-8B07-93D3682DF537}.Debug|x86.Build.0 = Debug|Win32
		{7D5091D5-D3DA-4035-8B07-93D3682DF537}.Release|x64.ActiveCfg = Release|x64
		{7D5091D5-D3DA-4035-8B07-93D3682DF537}.Release|x64.Build.0 = Release|x64
		{7D5091D5-D3DA-4035-8B07-93D3682DF537}.Release|x86.ActiveCfg = Release|Win32
		{7D5091D5-D3DA-4035-8B07-93D3682DF537}.Release|x86.Build.0 = Release|Win32
		{2459FB1B-09B2-4DFB-8DD7-11B73DF0E963}.Debug|x64.ActiveCfg = Debug|x64
		{2459FB1B-09B2-4DFB-8DD7-11B73DF0E963}.Debug|x64.Build.0 = Debug|x64
		{2459FB1B-09B2-4DFB-8DD7-11B73DF0E963}.Debug|x86.ActiveCfg = Debug|Win32
		{2459FB1B-09B2-4DFB-8DD7-11B73DF0E963}.Debug|x86.Build.0 = Debug|Win32
		{2459FB1B-09B2-4DFB-8DD7-11B73DF0E963}.Release|x64.ActiveCfg = Release|x64
		{2459FB1B-09B2-4DFB-8DD7-11B73DF0E963}.Release|x64.Build.0 = Release|x64
		{2459FB1B-09B2-4DFB-8DD7-11B73DF0E963}.Release|x86.ActiveCfg = Release|Win32
		{2459FB1B-09B2-4DFB-8DD7-11B73DF0E963}.Release|x86.Build.0 = Release|Win32
		{CA393BC0-381D-4AF3-B570-F10198DADC28}.Debug|x64.ActiveCfg = Debug|x64
		{CA393BC0-381D-4AF3-B570-F10198DADC28}.Debug|x64.Build.0 = Debug|x64
		{CA393BC0-381D-4AF3-B570-F10198DADC28}.Debug|x86.ActiveCfg = Debug|Win32
		{CA393BC0-381D-4AF3-B570-F10198DADC28}.Debug|x86.Build.0 = Debug|Win32
		{CA393BC0-381D-4AF3-B570-F10198DADC28}.Release|x64.ActiveCfg = Release|x64
		{CA393BC0-381D-4AF3-B570-F10198DADC28}.Release|x64.Build.0 = Release|x64
		{CA393BC0-381D-4AF3-B570-F10198DADC28}.Release|x86.ActiveCfg = Release|Win32
		{CA393BC0-381D-4AF3-B570-F10198DADC28}.Release|x86.Build.0 = Release|Win32
		{A904B02C-DD46-4DE6-BFEC-06FDBCFF42BE}.Debug|x64.ActiveCfg = Debug|x64
		{A904B02C-DD46-4DE6-BFEC-06FDBCFF42BE}.Debug|x64.Build.0 = Debug|x64
		{A904B02C-DD46-4DE6-BFEC-06FDBCFF42BE}.Debug|x86.ActiveCfg = Debug|Win32
		{A904B02C-DD46-4DE6-BFEC-06FDBCFF42BE}.Debug|x86.Build.0 = Debug|Win32
		{A904B02C-DD46-4DE6-BFEC-06FDBCFF42BE}.Release|x64.ActiveCfg = Release|x64
		{A904B02C-DD46-4DE6-BFEC-06FDBCFF42BE}.Release|x64.Build.0 = Release|x64
		{A904B02C-DD46-4DE6-BFEC-06FDBCFF42BE}.Release|x86.ActiveCfg = Release|Win32
		{A904B02C-DD46-4DE6-BFEC-06FDBCFF42BE}.Release|x86.Build.0 = Release|Win32
		{1B1BAB74-D58F-4E33-9964-516E03CF1421}.Debug|x64.ActiveCfg = Debug|x64
		{1B1BAB74-D58F-4E33-9964-516E03CF1421}.Debug|x64.Build.0 = Debug|x64
		{1B1BAB74-D58F-4E33-9964-516E03CF1421}.Debug|x86.ActiveCfg = Debug|Win32
		{1B1BAB74-D58F-4E33-9964-516E03CF1421}.Debug|x86.Build.0 = Debug|Win32
		{1B1BAB74-D58F-4E33-9964-516E03CF1421}.Release|x64.ActiveCfg = Release|x64
		{1B1BAB74-D58F-4E33-9964-516E03CF1421}.Release|x64.Build.0 = Release|x64
		{1B1BAB74-D58F-4E33-9964-516E03CF1421}.Release|x86.ActiveCfg = Release|Win32
		{1B1BAB74-D58F-4E33-9964-516E03CF1421}.Release|x86.Build.0 = Release|Win32
		{00227CB2-9273-4D56-A240-677926DF6C79}.Debug|x64.ActiveCfg = Debug|x64
		{00227CB2-9273-4D56-A240-677926DF6C79}.Debug|x64.Build.0 = Debug|x64
		{00227CB2-9273-4D56-A240-677926DF6C79}.Debug|x86.ActiveCfg = Debug|Win32
		{00227CB2-9273-4D56-A240-677926DF6C79}.Debug|x86.Build.0 = Debug|Win32
		{00227CB2-9273-4D56-A240-677926DF6C79}.Release|x64.ActiveCfg = Release|x64
		{00227CB2-9273-4D56-A240-677926DF6C79}.Release|x64.Build.0 = Release|x64
		{00227CB2-9273-4D56-A240-677926DF6C79}.Release|x86.ActiveCfg = Release|Win32
		{00227CB2-9273-4D56-A240-677926DF6C79}.Release|x86.Build.0 = Release|Win32
		{579B647F-745D-4756-BD3A-17BF43421B7E}.Debug|x64.ActiveCfg = Debug|x64
		{579B647F-745D-4756-BD3A-17BF43421B7E}.Debug|x64.Build.0 = Debug|x64
		{579B647F-745D-4756-BD3A-17BF43421B7E}.Debug|x86.ActiveCfg = Debug|Win32
		{579B647F-745D-4756-BD3A-17BF43421B7E}.Debug|x86.Build.0 = Debug|Win32
		{579B647F-745D-4756-BD3A-17BF43421B7E}.Release|x64.ActiveCfg = Release|x64
		{579B647F-745D-4756-BD3A-17BF43421B7E}.Release|x64.Build.0 = Release|x64
		{579B647F-745D-4756-BD3A-17BF43421B7E}.Release|x86.ActiveCfg = Release|Win32
		{579B647F-745D-4756-BD3A-17BF43421B7E}.Release|x86.Build.0 = Release|Win32
		{E41A6AAF-CEC3-4B69-B295-06CECB5EA115}.Debug|x64.ActiveCfg = Debug|x64
		{E41A6AAF-CEC3-4B69-B295-06CECB5EA115}.Debug|x64.Build.0 = Debug|x64
		{E41A6AAF-CEC3-4B69-B295-06CECB5EA115}.Debug|x86.ActiveCfg = Debug|Win32
		{E41A6AAF-CEC3-4B69-B295-06CECB5EA115}.Debug|x86.Build.0 = Debug|Win32
		{E41A6AAF-CEC3-4B69-B295-06CECB5EA115}.Release|x64.ActiveCfg = Release|x64
		{E41A6AAF-CEC3-4B69-B295-06CECB5EA115}.Release|x64.Build.0 = Release|x64
		{E41A6AAF-CEC3-4B69-B295-06CECB5EA115}.Release|x86.ActiveCfg = Release|Win32
		{E41A6AAF-CEC3-4B69-B295-06CECB5EA115}.Release|x86.Build.0 = Release|Win32
	EndGlobalSection
	GlobalSection(SolutionProperties) = preSolution
		HideSolutionNode = FALSE
	EndGlobalSection
	GlobalSection(ExtensibilityGlobals) = postSolution
		SolutionGuid = {C9D63A23-2808-4D24-8F68-12D89BB683B5}
	EndGlobalSection
EndGlobal
